// !$*UTF8*$!
{
	archiveVersion = 1;
	classes = {
	};
	objectVersion = 46;
	objects = {

/* Begin PBXBuildFile section */
		5E399E4B1A9C17D100B137D1 /* main.m in Sources */ = {isa = PBXBuildFile; fileRef = 5E399E4A1A9C17D100B137D1 /* main.m */; };
		5E399E4E1A9C17D100B137D1 /* AppDelegate.m in Sources */ = {isa = PBXBuildFile; fileRef = 5E399E4D1A9C17D100B137D1 /* AppDelegate.m */; };
		5E399E511A9C17D100B137D1 /* ViewController.m in Sources */ = {isa = PBXBuildFile; fileRef = 5E399E501A9C17D100B137D1 /* ViewController.m */; };
		5E399E541A9C17D200B137D1 /* Main.storyboard in Resources */ = {isa = PBXBuildFile; fileRef = 5E399E521A9C17D200B137D1 /* Main.storyboard */; };
		5E399E561A9C17D200B137D1 /* Images.xcassets in Resources */ = {isa = PBXBuildFile; fileRef = 5E399E551A9C17D200B137D1 /* Images.xcassets */; };
		5E399E591A9C17D200B137D1 /* LaunchScreen.xib in Resources */ = {isa = PBXBuildFile; fileRef = 5E399E571A9C17D200B137D1 /* LaunchScreen.xib */; };
		5E399E651A9C17D200B137D1 /* DWNavMenuDemoTests.m in Sources */ = {isa = PBXBuildFile; fileRef = 5E399E641A9C17D200B137D1 /* DWNavMenuDemoTests.m */; };
		5E399E751A9C180700B137D1 /* DWNavMenu.m in Sources */ = {isa = PBXBuildFile; fileRef = 5E399E701A9C180700B137D1 /* DWNavMenu.m */; };
		5E399E761A9C180700B137D1 /* DWNavMenuAction.m in Sources */ = {isa = PBXBuildFile; fileRef = 5E399E721A9C180700B137D1 /* DWNavMenuAction.m */; };
		5E399E771A9C180700B137D1 /* DWTouchHighlightButton.m in Sources */ = {isa = PBXBuildFile; fileRef = 5E399E741A9C180700B137D1 /* DWTouchHighlightButton.m */; };
/* End PBXBuildFile section */

/* Begin PBXContainerItemProxy section */
		5E399E5F1A9C17D200B137D1 /* PBXContainerItemProxy */ = {
			isa = PBXContainerItemProxy;
			containerPortal = 5E399E3D1A9C17D100B137D1 /* Project object */;
			proxyType = 1;
			remoteGlobalIDString = 5E399E441A9C17D100B137D1;
			remoteInfo = DWNavMenuDemo;
		};
/* End PBXContainerItemProxy section */

/* Begin PBXFileReference section */
		5E399E451A9C17D100B137D1 /* DWNavMenuDemo.app */ = {isa = PBXFileReference; explicitFileType = wrapper.application; includeInIndex = 0; path = DWNavMenuDemo.app; sourceTree = BUILT_PRODUCTS_DIR; };
		5E399E491A9C17D100B137D1 /* Info.plist */ = {isa = PBXFileReference; lastKnownFileType = text.plist.xml; path = Info.plist; sourceTree = "<group>"; };
		5E399E4A1A9C17D100B137D1 /* main.m */ = {isa = PBXFileReference; lastKnownFileType = sourcecode.c.objc; path = main.m; sourceTree = "<group>"; };
		5E399E4C1A9C17D100B137D1 /* AppDelegate.h */ = {isa = PBXFileReference; lastKnownFileType = sourcecode.c.h; path = AppDelegate.h; sourceTree = "<group>"; };
		5E399E4D1A9C17D100B137D1 /* AppDelegate.m */ = {isa = PBXFileReference; lastKnownFileType = sourcecode.c.objc; path = AppDelegate.m; sourceTree = "<group>"; };
		5E399E4F1A9C17D100B137D1 /* ViewController.h */ = {isa = PBXFileReference; lastKnownFileType = sourcecode.c.h; path = ViewController.h; sourceTree = "<group>"; };
		5E399E501A9C17D100B137D1 /* ViewController.m */ = {isa = PBXFileReference; lastKnownFileType = sourcecode.c.objc; path = ViewController.m; sourceTree = "<group>"; };
		5E399E531A9C17D200B137D1 /* Base */ = {isa = PBXFileReference; lastKnownFileType = file.storyboard; name = Base; path = Base.lproj/Main.storyboard; sourceTree = "<group>"; };
		5E399E551A9C17D200B137D1 /* Images.xcassets */ = {isa = PBXFileReference; lastKnownFileType = folder.assetcatalog; path = Images.xcassets; sourceTree = "<group>"; };
		5E399E581A9C17D200B137D1 /* Base */ = {isa = PBXFileReference; lastKnownFileType = file.xib; name = Base; path = Base.lproj/LaunchScreen.xib; sourceTree = "<group>"; };
		5E399E5E1A9C17D200B137D1 /* DWNavMenuDemoTests.xctest */ = {isa = PBXFileReference; explicitFileType = wrapper.cfbundle; includeInIndex = 0; path = DWNavMenuDemoTests.xctest; sourceTree = BUILT_PRODUCTS_DIR; };
		5E399E631A9C17D200B137D1 /* Info.plist */ = {isa = PBXFileReference; lastKnownFileType = text.plist.xml; path = Info.plist; sourceTree = "<group>"; };
		5E399E641A9C17D200B137D1 /* DWNavMenuDemoTests.m */ = {isa = PBXFileReference; lastKnownFileType = sourcecode.c.objc; path = DWNavMenuDemoTests.m; sourceTree = "<group>"; };
		5E399E6F1A9C180700B137D1 /* DWNavMenu.h */ = {isa = PBXFileReference; fileEncoding = 4; lastKnownFileType = sourcecode.c.h; path = DWNavMenu.h; sourceTree = "<group>"; };
		5E399E701A9C180700B137D1 /* DWNavMenu.m */ = {isa = PBXFileReference; fileEncoding = 4; lastKnownFileType = sourcecode.c.objc; path = DWNavMenu.m; sourceTree = "<group>"; };
		5E399E711A9C180700B137D1 /* DWNavMenuAction.h */ = {isa = PBXFileReference; fileEncoding = 4; lastKnownFileType = sourcecode.c.h; path = DWNavMenuAction.h; sourceTree = "<group>"; };
		5E399E721A9C180700B137D1 /* DWNavMenuAction.m */ = {isa = PBXFileReference; fileEncoding = 4; lastKnownFileType = sourcecode.c.objc; path = DWNavMenuAction.m; sourceTree = "<group>"; };
		5E399E731A9C180700B137D1 /* DWTouchHighlightButton.h */ = {isa = PBXFileReference; fileEncoding = 4; lastKnownFileType = sourcecode.c.h; path = DWTouchHighlightButton.h; sourceTree = "<group>"; };
		5E399E741A9C180700B137D1 /* DWTouchHighlightButton.m */ = {isa = PBXFileReference; fileEncoding = 4; lastKnownFileType = sourcecode.c.objc; path = DWTouchHighlightButton.m; sourceTree = "<group>"; };
/* End PBXFileReference section */

/* Begin PBXFrameworksBuildPhase section */
		5E399E421A9C17D100B137D1 /* Frameworks */ = {
			isa = PBXFrameworksBuildPhase;
			buildActionMask = 2147483647;
			files = (
			);
			runOnlyForDeploymentPostprocessing = 0;
		};
		5E399E5B1A9C17D200B137D1 /* Frameworks */ = {
			isa = PBXFrameworksBuildPhase;
			buildActionMask = 2147483647;
			files = (
			);
			runOnlyForDeploymentPostprocessing = 0;
		};
/* End PBXFrameworksBuildPhase section */

/* Begin PBXGroup section */
		5E399E3C1A9C17D100B137D1 = {
			isa = PBXGroup;
			children = (
				5E399E471A9C17D100B137D1 /* DWNavMenuDemo */,
				5E399E611A9C17D200B137D1 /* DWNavMenuDemoTests */,
				5E399E461A9C17D100B137D1 /* Products */,
			);
			sourceTree = "<group>";
		};
		5E399E461A9C17D100B137D1 /* Products */ = {
			isa = PBXGroup;
			children = (
				5E399E451A9C17D100B137D1 /* DWNavMenuDemo.app */,
				5E399E5E1A9C17D200B137D1 /* DWNavMenuDemoTests.xctest */,
			);
			name = Products;
			sourceTree = "<group>";
		};
		5E399E471A9C17D100B137D1 /* DWNavMenuDemo */ = {
			isa = PBXGroup;
			children = (
				5E399E6E1A9C180700B137D1 /* DWNavMenu */,
				5E399E4C1A9C17D100B137D1 /* AppDelegate.h */,
				5E399E4D1A9C17D100B137D1 /* AppDelegate.m */,
				5E399E4F1A9C17D100B137D1 /* ViewController.h */,
				5E399E501A9C17D100B137D1 /* ViewController.m */,
				5E399E521A9C17D200B137D1 /* Main.storyboard */,
				5E399E551A9C17D200B137D1 /* Images.xcassets */,
				5E399E571A9C17D200B137D1 /* LaunchScreen.xib */,
				5E399E481A9C17D100B137D1 /* Supporting Files */,
			);
			path = DWNavMenuDemo;
			sourceTree = "<group>";
		};
		5E399E481A9C17D100B137D1 /* Supporting Files */ = {
			isa = PBXGroup;
			children = (
				5E399E491A9C17D100B137D1 /* Info.plist */,
				5E399E4A1A9C17D100B137D1 /* main.m */,
			);
			name = "Supporting Files";
			sourceTree = "<group>";
		};
		5E399E611A9C17D200B137D1 /* DWNavMenuDemoTests */ = {
			isa = PBXGroup;
			children = (
				5E399E641A9C17D200B137D1 /* DWNavMenuDemoTests.m */,
				5E399E621A9C17D200B137D1 /* Supporting Files */,
			);
			path = DWNavMenuDemoTests;
			sourceTree = "<group>";
		};
		5E399E621A9C17D200B137D1 /* Supporting Files */ = {
			isa = PBXGroup;
			children = (
				5E399E631A9C17D200B137D1 /* Info.plist */,
			);
			name = "Supporting Files";
			sourceTree = "<group>";
		};
		5E399E6E1A9C180700B137D1 /* DWNavMenu */ = {
			isa = PBXGroup;
			children = (
				5E399E6F1A9C180700B137D1 /* DWNavMenu.h */,
				5E399E701A9C180700B137D1 /* DWNavMenu.m */,
				5E399E711A9C180700B137D1 /* DWNavMenuAction.h */,
				5E399E721A9C180700B137D1 /* DWNavMenuAction.m */,
				5E399E731A9C180700B137D1 /* DWTouchHighlightButton.h */,
				5E399E741A9C180700B137D1 /* DWTouchHighlightButton.m */,
			);
			path = DWNavMenu;
			sourceTree = SOURCE_ROOT;
		};
/* End PBXGroup section */

/* Begin PBXNativeTarget section */
		5E399E441A9C17D100B137D1 /* DWNavMenuDemo */ = {
			isa = PBXNativeTarget;
			buildConfigurationList = 5E399E681A9C17D200B137D1 /* Build configuration list for PBXNativeTarget "DWNavMenuDemo" */;
			buildPhases = (
				5E399E411A9C17D100B137D1 /* Sources */,
				5E399E421A9C17D100B137D1 /* Frameworks */,
				5E399E431A9C17D100B137D1 /* Resources */,
			);
			buildRules = (
			);
			dependencies = (
			);
			name = DWNavMenuDemo;
			productName = DWNavMenuDemo;
			productReference = 5E399E451A9C17D100B137D1 /* DWNavMenuDemo.app */;
			productType = "com.apple.product-type.application";
		};
		5E399E5D1A9C17D200B137D1 /* DWNavMenuDemoTests */ = {
			isa = PBXNativeTarget;
			buildConfigurationList = 5E399E6B1A9C17D200B137D1 /* Build configuration list for PBXNativeTarget "DWNavMenuDemoTests" */;
			buildPhases = (
				5E399E5A1A9C17D200B137D1 /* Sources */,
				5E399E5B1A9C17D200B137D1 /* Frameworks */,
				5E399E5C1A9C17D200B137D1 /* Resources */,
			);
			buildRules = (
			);
			dependencies = (
				5E399E601A9C17D200B137D1 /* PBXTargetDependency */,
			);
			name = DWNavMenuDemoTests;
			productName = DWNavMenuDemoTests;
			productReference = 5E399E5E1A9C17D200B137D1 /* DWNavMenuDemoTests.xctest */;
			productType = "com.apple.product-type.bundle.unit-test";
		};
/* End PBXNativeTarget section */

/* Begin PBXProject section */
		5E399E3D1A9C17D100B137D1 /* Project object */ = {
			isa = PBXProject;
			attributes = {
				LastUpgradeCheck = 0610;
				ORGANIZATIONNAME = "Derrick Walker";
				TargetAttributes = {
					5E399E441A9C17D100B137D1 = {
						CreatedOnToolsVersion = 6.1.1;
					};
					5E399E5D1A9C17D200B137D1 = {
						CreatedOnToolsVersion = 6.1.1;
						TestTargetID = 5E399E441A9C17D100B137D1;
					};
				};
			};
			buildConfigurationList = 5E399E401A9C17D100B137D1 /* Build configuration list for PBXProject "DWNavMenuDemo" */;
			compatibilityVersion = "Xcode 3.2";
			developmentRegion = English;
			hasScannedForEncodings = 0;
			knownRegions = (
				en,
				Base,
			);
			mainGroup = 5E399E3C1A9C17D100B137D1;
			productRefGroup = 5E399E461A9C17D100B137D1 /* Products */;
			projectDirPath = "";
			projectRoot = "";
			targets = (
				5E399E441A9C17D100B137D1 /* DWNavMenuDemo */,
				5E399E5D1A9C17D200B137D1 /* DWNavMenuDemoTests */,
			);
		};
/* End PBXProject section */

/* Begin PBXResourcesBuildPhase section */
		5E399E431A9C17D100B137D1 /* Resources */ = {
			isa = PBXResourcesBuildPhase;
			buildActionMask = 2147483647;
			files = (
				5E399E541A9C17D200B137D1 /* Main.storyboard in Resources */,
				5E399E591A9C17D200B137D1 /* LaunchScreen.xib in Resources */,
				5E399E561A9C17D200B137D1 /* Images.xcassets in Resources */,
			);
			runOnlyForDeploymentPostprocessing = 0;
		};
		5E399E5C1A9C17D200B137D1 /* Resources */ = {
			isa = PBXResourcesBuildPhase;
			buildActionMask = 2147483647;
			files = (
			);
			runOnlyForDeploymentPostprocessing = 0;
		};
/* End PBXResourcesBuildPhase section */

/* Begin PBXSourcesBuildPhase section */
		5E399E411A9C17D100B137D1 /* Sources */ = {
			isa = PBXSourcesBuildPhase;
			buildActionMask = 2147483647;
			files = (
				5E399E511A9C17D100B137D1 /* ViewController.m in Sources */,
				5E399E4E1A9C17D100B137D1 /* AppDelegate.m in Sources */,
				5E399E4B1A9C17D100B137D1 /* main.m in Sources */,
				5E399E771A9C180700B137D1 /* DWTouchHighlightButton.m in Sources */,
				5E399E751A9C180700B137D1 /* DWNavMenu.m in Sources */,
				5E399E761A9C180700B137D1 /* DWNavMenuAction.m in Sources */,
			);
			runOnlyForDeploymentPostprocessing = 0;
		};
		5E399E5A1A9C17D200B137D1 /* Sources */ = {
			isa = PBXSourcesBuildPhase;
			buildActionMask = 2147483647;
			files = (
				5E399E651A9C17D200B137D1 /* DWNavMenuDemoTests.m in Sources */,
			);
			runOnlyForDeploymentPostprocessing = 0;
		};
/* End PBXSourcesBuildPhase section */

/* Begin PBXTargetDependency section */
		5E399E601A9C17D200B137D1 /* PBXTargetDependency */ = {
			isa = PBXTargetDependency;
			target = 5E399E441A9C17D100B137D1 /* DWNavMenuDemo */;
			targetProxy = 5E399E5F1A9C17D200B137D1 /* PBXContainerItemProxy */;
		};
/* End PBXTargetDependency section */

/* Begin PBXVariantGroup section */
		5E399E521A9C17D200B137D1 /* Main.storyboard */ = {
			isa = PBXVariantGroup;
			children = (
				5E399E531A9C17D200B137D1 /* Base */,
			);
			name = Main.storyboard;
			sourceTree = "<group>";
		};
		5E399E571A9C17D200B137D1 /* LaunchScreen.xib */ = {
			isa = PBXVariantGroup;
			children = (
				5E399E581A9C17D200B137D1 /* Base */,
			);
			name = LaunchScreen.xib;
			sourceTree = "<group>";
		};
/* End PBXVariantGroup section */

/* Begin XCBuildConfiguration section */
		5E399E661A9C17D200B137D1 /* Debug */ = {
			isa = XCBuildConfiguration;
			buildSettings = {
				ALWAYS_SEARCH_USER_PATHS = NO;
				CLANG_CXX_LANGUAGE_STANDARD = "gnu++0x";
				CLANG_CXX_LIBRARY = "libc++";
				CLANG_ENABLE_MODULES = YES;
				CLANG_ENABLE_OBJC_ARC = YES;
				CLANG_WARN_BOOL_CONVERSION = YES;
				CLANG_WARN_CONSTANT_CONVERSION = YES;
				CLANG_WARN_DIRECT_OBJC_ISA_USAGE = YES_ERROR;
				CLANG_WARN_EMPTY_BODY = YES;
				CLANG_WARN_ENUM_CONVERSION = YES;
				CLANG_WARN_INT_CONVERSION = YES;
				CLANG_WARN_OBJC_ROOT_CLASS = YES_ERROR;
				CLANG_WARN_UNREACHABLE_CODE = YES;
				CLANG_WARN__DUPLICATE_METHOD_MATCH = YES;
				"CODE_SIGN_IDENTITY[sdk=iphoneos*]" = "iPhone Developer";
				COPY_PHASE_STRIP = NO;
				ENABLE_STRICT_OBJC_MSGSEND = YES;
				GCC_C_LANGUAGE_STANDARD = gnu99;
				GCC_DYNAMIC_NO_PIC = NO;
				GCC_OPTIMIZATION_LEVEL = 0;
				GCC_PREPROCESSOR_DEFINITIONS = (
					"DEBUG=1",
					"$(inherited)",
				);
				GCC_SYMBOLS_PRIVATE_EXTERN = NO;
				GCC_WARN_64_TO_32_BIT_CONVERSION = YES;
				GCC_WARN_ABOUT_RETURN_TYPE = YES_ERROR;
				GCC_WARN_UNDECLARED_SELECTOR = YES;
				GCC_WARN_UNINITIALIZED_AUTOS = YES_AGGRESSIVE;
				GCC_WARN_UNUSED_FUNCTION = YES;
				GCC_WARN_UNUSED_VARIABLE = YES;
				IPHONEOS_DEPLOYMENT_TARGET = 8.1;
				MTL_ENABLE_DEBUG_INFO = YES;
				ONLY_ACTIVE_ARCH = YES;
				SDKROOT = iphoneos;
			};
			name = Debug;
		};
		5E399E671A9C17D200B137D1 /* Release */ = {
			isa = XCBuildConfiguration;
			buildSettings = {
				ALWAYS_SEARCH_USER_PATHS = NO;
				CLANG_CXX_LANGUAGE_STANDARD = "gnu++0x";
				CLANG_CXX_LIBRARY = "libc++";
				CLANG_ENABLE_MODULES = YES;
				CLANG_ENABLE_OBJC_ARC = YES;
				CLANG_WARN_BOOL_CONVERSION = YES;
				CLANG_WARN_CONSTANT_CONVERSION = YES;
				CLANG_WARN_DIRECT_OBJC_ISA_USAGE = YES_ERROR;
				CLANG_WARN_EMPTY_BODY = YES;
				CLANG_WARN_ENUM_CONVERSION = YES;
				CLANG_WARN_INT_CONVERSION = YES;
				CLANG_WARN_OBJC_ROOT_CLASS = YES_ERROR;
				CLANG_WARN_UNREACHABLE_CODE = YES;
				CLANG_WARN__DUPLICATE_METHOD_MATCH = YES;
				"CODE_SIGN_IDENTITY[sdk=iphoneos*]" = "iPhone Developer";
				COPY_PHASE_STRIP = YES;
				ENABLE_NS_ASSERTIONS = NO;
				ENABLE_STRICT_OBJC_MSGSEND = YES;
				GCC_C_LANGUAGE_STANDARD = gnu99;
				GCC_WARN_64_TO_32_BIT_CONVERSION = YES;
				GCC_WARN_ABOUT_RETURN_TYPE = YES_ERROR;
				GCC_WARN_UNDECLARED_SELECTOR = YES;
				GCC_WARN_UNINITIALIZED_AUTOS = YES_AGGRESSIVE;
				GCC_WARN_UNUSED_FUNCTION = YES;
				GCC_WARN_UNUSED_VARIABLE = YES;
				IPHONEOS_DEPLOYMENT_TARGET = 8.1;
				MTL_ENABLE_DEBUG_INFO = NO;
				SDKROOT = iphoneos;
				VALIDATE_PRODUCT = YES;
			};
			name = Release;
		};
		5E399E691A9C17D200B137D1 /* Debug */ = {
			isa = XCBuildConfiguration;
			buildSettings = {
				ASSETCATALOG_COMPILER_APPICON_NAME = AppIcon;
				INFOPLIST_FILE = DWNavMenuDemo/Info.plist;
				LD_RUNPATH_SEARCH_PATHS = "$(inherited) @executable_path/Frameworks";
				PRODUCT_NAME = "$(TARGET_NAME)";
			};
			name = Debug;
		};
		5E399E6A1A9C17D200B137D1 /* Release */ = {
			isa = XCBuildConfiguration;
			buildSettings = {
				ASSETCATALOG_COMPILER_APPICON_NAME = AppIcon;
				INFOPLIST_FILE = DWNavMenuDemo/Info.plist;
				LD_RUNPATH_SEARCH_PATHS = "$(inherited) @executable_path/Frameworks";
				PRODUCT_NAME = "$(TARGET_NAME)";
			};
			name = Release;
		};
		5E399E6C1A9C17D200B137D1 /* Debug */ = {
			isa = XCBuildConfiguration;
			buildSettings = {
				BUNDLE_LOADER = "$(TEST_HOST)";
				FRAMEWORK_SEARCH_PATHS = (
					"$(SDKROOT)/Developer/Library/Frameworks",
					"$(inherited)",
				);
				GCC_PREPROCESSOR_DEFINITIONS = (
					"DEBUG=1",
					"$(inherited)",
				);
				INFOPLIST_FILE = DWNavMenuDemoTests/Info.plist;
				LD_RUNPATH_SEARCH_PATHS = "$(inherited) @executable_path/Frameworks @loader_path/Frameworks";
				PRODUCT_NAME = "$(TARGET_NAME)";
				TEST_HOST = "$(BUILT_PRODUCTS_DIR)/DWNavMenuDemo.app/DWNavMenuDemo";
			};
			name = Debug;
		};
		5E399E6D1A9C17D200B137D1 /* Release */ = {
			isa = XCBuildConfiguration;
			buildSettings = {
				BUNDLE_LOADER = "$(TEST_HOST)";
				FRAMEWORK_SEARCH_PATHS = (
					"$(SDKROOT)/Developer/Library/Frameworks",
					"$(inherited)",
				);
				INFOPLIST_FILE = DWNavMenuDemoTests/Info.plist;
				LD_RUNPATH_SEARCH_PATHS = "$(inherited) @executable_path/Frameworks @loader_path/Frameworks";
				PRODUCT_NAME = "$(TARGET_NAME)";
				TEST_HOST = "$(BUILT_PRODUCTS_DIR)/DWNavMenuDemo.app/DWNavMenuDemo";
			};
			name = Release;
		};
/* End XCBuildConfiguration section */

/* Begin XCConfigurationList section */
		5E399E401A9C17D100B137D1 /* Build configuration list for PBXProject "DWNavMenuDemo" */ = {
			isa = XCConfigurationList;
			buildConfigurations = (
				5E399E661A9C17D200B137D1 /* Debug */,
				5E399E671A9C17D200B137D1 /* Release */,
			);
			defaultConfigurationIsVisible = 0;
			defaultConfigurationName = Release;
		};
		5E399E681A9C17D200B137D1 /* Build configuration list for PBXNativeTarget "DWNavMenuDemo" */ = {
			isa = XCConfigurationList;
			buildConfigurations = (
				5E399E691A9C17D200B137D1 /* Debug */,
				5E399E6A1A9C17D200B137D1 /* Release */,
			);
			defaultConfigurationIsVisible = 0;
		};
		5E399E6B1A9C17D200B137D1 /* Build configuration list for PBXNativeTarget "DWNavMenuDemoTests" */ = {
			isa = XCConfigurationList;
			buildConfigurations = (
				5E399E6C1A9C17D200B137D1 /* Debug */,
				5E399E6D1A9C17D200B137D1 /* Release */,
			);
			defaultConfigurationIsVisible = 0;
		};
/* End XCConfigurationList section */
	};
	rootObject = 5E399E3D1A9C17D100B137D1 /* Project object */;
}
